
Microsoft Visual Studio Solution File, Format Version 12.00
# Visual Studio Version 16
VisualStudioVersion = 16.0.29230.47
MinimumVisualStudioVersion = 10.0.40219.1
Project("{FAE04EC0-301F-11D3-BF4B-00C04F79EFBC}") = "ScreenCapture", "ScreenCapture\ScreenCapture.csproj", "{9B88083B-AA8F-4484-8488-5A8BEE2CDD0A}"
EndProject
Global
	GlobalSection(SolutionConfigurationPlatforms) = preSolution
		Debug|Any CPU = Debug|Any CPU
		Release|Any CPU = Release|Any CPU
	EndGlobalSection
	GlobalSection(ProjectConfigurationPlatforms) = postSolution
		{9B88083B-AA8F-4484-8488-5A8BEE2CDD0A}.Debug|Any CPU.ActiveCfg = Debug|Any CPU
		{9B88083B-AA8F-4484-8488-5A8BEE2CDD0A}.Debug|Any CPU.Build.0 = Debug|Any CPU
		{9B88083B-AA8F-4484-8488-5A8BEE2CDD0A}.Release|Any CPU.ActiveCfg = Release|Any CPU
		{9B88083B-AA8F-4484-8488-5A8BEE2CDD0A}.Release|Any CPU.Build.0 = Release|Any CPU
	EndGlobalSection
	GlobalSection(SolutionProperties) = preSolution
		HideSolutionNode = FALSE
	EndGlobalSection
	GlobalSection(ExtensibilityGlobals) = postSolution
		SolutionGuid = {22F30C5B-F21D-41AF-9B18-430019F94D5A}
	EndGlobalSection
EndGlobal
